// !$*UTF8*$!
{
	archiveVersion = 1;
	classes = {
	};
	objectVersion = 56;
	objects = {

/* Begin PBXBuildFile section */
		25404872B34A2833F3AE11D6 /* Pods_TestPokemonTaskTests.framework in Frameworks */ = {isa = PBXBuildFile; fileRef = E55CBC55E0F2034023E634AC /* Pods_TestPokemonTaskTests.framework */; };
		9BC62ADDBF7A39D6629BB127 /* Pods_TestPokemonTask.framework in Frameworks */ = {isa = PBXBuildFile; fileRef = BCA95E69D454AA271EE95BB8 /* Pods_TestPokemonTask.framework */; };
		E40EF0A429168E830025C7E0 /* UITableView + Extension.swift in Sources */ = {isa = PBXBuildFile; fileRef = E40EF0A329168E830025C7E0 /* UITableView + Extension.swift */; };
		E40EF0A62916A3290025C7E0 /* RouterTest.swift in Sources */ = {isa = PBXBuildFile; fileRef = E40EF0A52916A3290025C7E0 /* RouterTest.swift */; };
		E49112A229092DA000628FAB /* DetailPresenter.swift in Sources */ = {isa = PBXBuildFile; fileRef = E49112A129092DA000628FAB /* DetailPresenter.swift */; };
		E49112A429098F0700628FAB /* Router.swift in Sources */ = {isa = PBXBuildFile; fileRef = E49112A329098F0700628FAB /* Router.swift */; };
		E49112A62909C73600628FAB /* NetworkMonitor.swift in Sources */ = {isa = PBXBuildFile; fileRef = E49112A52909C73600628FAB /* NetworkMonitor.swift */; };
		E4A6D1B42908189100552568 /* UIStackView + Extension.swift in Sources */ = {isa = PBXBuildFile; fileRef = E4A6D1B32908189100552568 /* UIStackView + Extension.swift */; };
		E4A6D1B8290819CC00552568 /* DetailViewController.swift in Sources */ = {isa = PBXBuildFile; fileRef = E4A6D1B7290819CC00552568 /* DetailViewController.swift */; };
		E4A6D1BC29085D4D00552568 /* AllPokemonsModel.swift in Sources */ = {isa = PBXBuildFile; fileRef = E4A6D1BB29085D4D00552568 /* AllPokemonsModel.swift */; };
		E4A6D1BF29085E5100552568 /* PokemonDescriptionModel.swift in Sources */ = {isa = PBXBuildFile; fileRef = E4A6D1BE29085E5100552568 /* PokemonDescriptionModel.swift */; };
		E4A6D1C1290860B300552568 /* NetworkRequest.swift in Sources */ = {isa = PBXBuildFile; fileRef = E4A6D1C0290860B300552568 /* NetworkRequest.swift */; };
		E4A6D1C3290861BA00552568 /* NetworkDataFetch.swift in Sources */ = {isa = PBXBuildFile; fileRef = E4A6D1C2290861BA00552568 /* NetworkDataFetch.swift */; };
		E4A6D1C52908680800552568 /* PokemonListPresenter.swift in Sources */ = {isa = PBXBuildFile; fileRef = E4A6D1C42908680800552568 /* PokemonListPresenter.swift */; };
		E4A6D1C8290873BE00552568 /* AssemblyModuleBuilder.swift in Sources */ = {isa = PBXBuildFile; fileRef = E4A6D1C7290873BE00552568 /* AssemblyModuleBuilder.swift */; };
		E4DCB0342909CA0D002E98CE /* MainViewController.swift in Sources */ = {isa = PBXBuildFile; fileRef = E4DCB0332909CA0D002E98CE /* MainViewController.swift */; };
		E4DCB036290A6A70002E98CE /* MainPresenter.swift in Sources */ = {isa = PBXBuildFile; fileRef = E4DCB035290A6A70002E98CE /* MainPresenter.swift */; };
		E4DF23972908033100AE96AC /* AppDelegate.swift in Sources */ = {isa = PBXBuildFile; fileRef = E4DF23962908033100AE96AC /* AppDelegate.swift */; };
		E4DF23992908033100AE96AC /* SceneDelegate.swift in Sources */ = {isa = PBXBuildFile; fileRef = E4DF23982908033100AE96AC /* SceneDelegate.swift */; };
		E4DF239B2908033100AE96AC /* PokemonListViewController.swift in Sources */ = {isa = PBXBuildFile; fileRef = E4DF239A2908033100AE96AC /* PokemonListViewController.swift */; };
		E4DF23A32908033200AE96AC /* Assets.xcassets in Resources */ = {isa = PBXBuildFile; fileRef = E4DF23A22908033200AE96AC /* Assets.xcassets */; };
		E4DF23A62908033200AE96AC /* LaunchScreen.storyboard in Resources */ = {isa = PBXBuildFile; fileRef = E4DF23A42908033200AE96AC /* LaunchScreen.storyboard */; };
		E4F45503290AC01B00E10B4A /* UIViewController + Extension.swift in Sources */ = {isa = PBXBuildFile; fileRef = E4F45502290AC01B00E10B4A /* UIViewController + Extension.swift */; };
		E4F45505290AEA1900E10B4A /* PokemonModelRealm.swift in Sources */ = {isa = PBXBuildFile; fileRef = E4F45504290AEA1900E10B4A /* PokemonModelRealm.swift */; };
		E4F45507290AEB2100E10B4A /* DBManager.swift in Sources */ = {isa = PBXBuildFile; fileRef = E4F45506290AEB2100E10B4A /* DBManager.swift */; };
		E4F45509290B0DD200E10B4A /* PokemonDescriptionModelRealm.swift in Sources */ = {isa = PBXBuildFile; fileRef = E4F45508290B0DD200E10B4A /* PokemonDescriptionModelRealm.swift */; };
		E4F6A7832915480A0022054E /* R.generated.swift in Sources */ = {isa = PBXBuildFile; fileRef = E4F6A7822915480A0022054E /* R.generated.swift */; };
		E4F6A7852915528A0022054E /* Logger.swift in Sources */ = {isa = PBXBuildFile; fileRef = E4F6A7842915528A0022054E /* Logger.swift */; };
/* End PBXBuildFile section */

/* Begin PBXContainerItemProxy section */
		E4DF23AD2908033200AE96AC /* PBXContainerItemProxy */ = {
			isa = PBXContainerItemProxy;
			containerPortal = E4DF238B2908033100AE96AC /* Project object */;
			proxyType = 1;
			remoteGlobalIDString = E4DF23922908033100AE96AC;
			remoteInfo = TestPokemonTask;
		};
/* End PBXContainerItemProxy section */

/* Begin PBXFileReference section */
		0B44CCEA412CE1B98778A6FA /* Pods-TestPokemonTask.release.xcconfig */ = {isa = PBXFileReference; includeInIndex = 1; lastKnownFileType = text.xcconfig; name = "Pods-TestPokemonTask.release.xcconfig"; path = "Target Support Files/Pods-TestPokemonTask/Pods-TestPokemonTask.release.xcconfig"; sourceTree = "<group>"; };
		3ECD1F5E9B12C8FB84499245 /* Pods-TestPokemonTask.debug.xcconfig */ = {isa = PBXFileReference; includeInIndex = 1; lastKnownFileType = text.xcconfig; name = "Pods-TestPokemonTask.debug.xcconfig"; path = "Target Support Files/Pods-TestPokemonTask/Pods-TestPokemonTask.debug.xcconfig"; sourceTree = "<group>"; };
		40676F5318960C5A29E09397 /* Pods_TestPokemonTask_TestPokemonTaskUITests.framework */ = {isa = PBXFileReference; explicitFileType = wrapper.framework; includeInIndex = 0; path = Pods_TestPokemonTask_TestPokemonTaskUITests.framework; sourceTree = BUILT_PRODUCTS_DIR; };
		48B214CF608F9C029EBAD50F /* Pods-TestPokemonTaskTests.release.xcconfig */ = {isa = PBXFileReference; includeInIndex = 1; lastKnownFileType = text.xcconfig; name = "Pods-TestPokemonTaskTests.release.xcconfig"; path = "Target Support Files/Pods-TestPokemonTaskTests/Pods-TestPokemonTaskTests.release.xcconfig"; sourceTree = "<group>"; };
		93DE70BBDEF47B046A295847 /* Pods-TestPokemonTaskTests.debug.xcconfig */ = {isa = PBXFileReference; includeInIndex = 1; lastKnownFileType = text.xcconfig; name = "Pods-TestPokemonTaskTests.debug.xcconfig"; path = "Target Support Files/Pods-TestPokemonTaskTests/Pods-TestPokemonTaskTests.debug.xcconfig"; sourceTree = "<group>"; };
		991E82BD3B175CB71F28A671 /* Pods-TestPokemonTask-TestPokemonTaskUITests.debug.xcconfig */ = {isa = PBXFileReference; includeInIndex = 1; lastKnownFileType = text.xcconfig; name = "Pods-TestPokemonTask-TestPokemonTaskUITests.debug.xcconfig"; path = "Target Support Files/Pods-TestPokemonTask-TestPokemonTaskUITests/Pods-TestPokemonTask-TestPokemonTaskUITests.debug.xcconfig"; sourceTree = "<group>"; };
		A071F19B4416BC5CD74D0DF9 /* Pods-TestPokemonTask-TestPokemonTaskUITests.release.xcconfig */ = {isa = PBXFileReference; includeInIndex = 1; lastKnownFileType = text.xcconfig; name = "Pods-TestPokemonTask-TestPokemonTaskUITests.release.xcconfig"; path = "Target Support Files/Pods-TestPokemonTask-TestPokemonTaskUITests/Pods-TestPokemonTask-TestPokemonTaskUITests.release.xcconfig"; sourceTree = "<group>"; };
		BCA95E69D454AA271EE95BB8 /* Pods_TestPokemonTask.framework */ = {isa = PBXFileReference; explicitFileType = wrapper.framework; includeInIndex = 0; path = Pods_TestPokemonTask.framework; sourceTree = BUILT_PRODUCTS_DIR; };
		E40EF0A329168E830025C7E0 /* UITableView + Extension.swift */ = {isa = PBXFileReference; lastKnownFileType = sourcecode.swift; path = "UITableView + Extension.swift"; sourceTree = "<group>"; };
		E40EF0A52916A3290025C7E0 /* RouterTest.swift */ = {isa = PBXFileReference; lastKnownFileType = sourcecode.swift; path = RouterTest.swift; sourceTree = "<group>"; };
		E49112A129092DA000628FAB /* DetailPresenter.swift */ = {isa = PBXFileReference; lastKnownFileType = sourcecode.swift; path = DetailPresenter.swift; sourceTree = "<group>"; };
		E49112A329098F0700628FAB /* Router.swift */ = {isa = PBXFileReference; lastKnownFileType = sourcecode.swift; path = Router.swift; sourceTree = "<group>"; };
		E49112A52909C73600628FAB /* NetworkMonitor.swift */ = {isa = PBXFileReference; lastKnownFileType = sourcecode.swift; path = NetworkMonitor.swift; sourceTree = "<group>"; };
		E4A6D1B32908189100552568 /* UIStackView + Extension.swift */ = {isa = PBXFileReference; lastKnownFileType = sourcecode.swift; path = "UIStackView + Extension.swift"; sourceTree = "<group>"; };
		E4A6D1B7290819CC00552568 /* DetailViewController.swift */ = {isa = PBXFileReference; lastKnownFileType = sourcecode.swift; path = DetailViewController.swift; sourceTree = "<group>"; };
		E4A6D1BB29085D4D00552568 /* AllPokemonsModel.swift */ = {isa = PBXFileReference; lastKnownFileType = sourcecode.swift; path = AllPokemonsModel.swift; sourceTree = "<group>"; };
		E4A6D1BE29085E5100552568 /* PokemonDescriptionModel.swift */ = {isa = PBXFileReference; lastKnownFileType = sourcecode.swift; path = PokemonDescriptionModel.swift; sourceTree = "<group>"; };
		E4A6D1C0290860B300552568 /* NetworkRequest.swift */ = {isa = PBXFileReference; lastKnownFileType = sourcecode.swift; path = NetworkRequest.swift; sourceTree = "<group>"; };
		E4A6D1C2290861BA00552568 /* NetworkDataFetch.swift */ = {isa = PBXFileReference; lastKnownFileType = sourcecode.swift; path = NetworkDataFetch.swift; sourceTree = "<group>"; };
		E4A6D1C42908680800552568 /* PokemonListPresenter.swift */ = {isa = PBXFileReference; lastKnownFileType = sourcecode.swift; path = PokemonListPresenter.swift; sourceTree = "<group>"; };
		E4A6D1C7290873BE00552568 /* AssemblyModuleBuilder.swift */ = {isa = PBXFileReference; lastKnownFileType = sourcecode.swift; path = AssemblyModuleBuilder.swift; sourceTree = "<group>"; };
		E4DCB0332909CA0D002E98CE /* MainViewController.swift */ = {isa = PBXFileReference; lastKnownFileType = sourcecode.swift; path = MainViewController.swift; sourceTree = "<group>"; };
		E4DCB035290A6A70002E98CE /* MainPresenter.swift */ = {isa = PBXFileReference; lastKnownFileType = sourcecode.swift; path = MainPresenter.swift; sourceTree = "<group>"; };
		E4DF23932908033100AE96AC /* TestPokemonTask.app */ = {isa = PBXFileReference; explicitFileType = wrapper.application; includeInIndex = 0; path = TestPokemonTask.app; sourceTree = BUILT_PRODUCTS_DIR; };
		E4DF23962908033100AE96AC /* AppDelegate.swift */ = {isa = PBXFileReference; lastKnownFileType = sourcecode.swift; path = AppDelegate.swift; sourceTree = "<group>"; };
		E4DF23982908033100AE96AC /* SceneDelegate.swift */ = {isa = PBXFileReference; lastKnownFileType = sourcecode.swift; path = SceneDelegate.swift; sourceTree = "<group>"; };
		E4DF239A2908033100AE96AC /* PokemonListViewController.swift */ = {isa = PBXFileReference; lastKnownFileType = sourcecode.swift; path = PokemonListViewController.swift; sourceTree = "<group>"; };
		E4DF23A22908033200AE96AC /* Assets.xcassets */ = {isa = PBXFileReference; lastKnownFileType = folder.assetcatalog; path = Assets.xcassets; sourceTree = "<group>"; };
		E4DF23A52908033200AE96AC /* Base */ = {isa = PBXFileReference; lastKnownFileType = file.storyboard; name = Base; path = Base.lproj/LaunchScreen.storyboard; sourceTree = "<group>"; };
		E4DF23A72908033200AE96AC /* Info.plist */ = {isa = PBXFileReference; lastKnownFileType = text.plist.xml; path = Info.plist; sourceTree = "<group>"; };
		E4DF23AC2908033200AE96AC /* TestPokemonTaskTests.xctest */ = {isa = PBXFileReference; explicitFileType = wrapper.cfbundle; includeInIndex = 0; path = TestPokemonTaskTests.xctest; sourceTree = BUILT_PRODUCTS_DIR; };
		E4F45502290AC01B00E10B4A /* UIViewController + Extension.swift */ = {isa = PBXFileReference; lastKnownFileType = sourcecode.swift; path = "UIViewController + Extension.swift"; sourceTree = "<group>"; };
		E4F45504290AEA1900E10B4A /* PokemonModelRealm.swift */ = {isa = PBXFileReference; lastKnownFileType = sourcecode.swift; path = PokemonModelRealm.swift; sourceTree = "<group>"; };
		E4F45506290AEB2100E10B4A /* DBManager.swift */ = {isa = PBXFileReference; lastKnownFileType = sourcecode.swift; path = DBManager.swift; sourceTree = "<group>"; };
		E4F45508290B0DD200E10B4A /* PokemonDescriptionModelRealm.swift */ = {isa = PBXFileReference; lastKnownFileType = sourcecode.swift; path = PokemonDescriptionModelRealm.swift; sourceTree = "<group>"; };
		E4F6A7822915480A0022054E /* R.generated.swift */ = {isa = PBXFileReference; fileEncoding = 4; lastKnownFileType = sourcecode.swift; path = R.generated.swift; sourceTree = SOURCE_ROOT; };
		E4F6A7842915528A0022054E /* Logger.swift */ = {isa = PBXFileReference; lastKnownFileType = sourcecode.swift; path = Logger.swift; sourceTree = "<group>"; };
		E55CBC55E0F2034023E634AC /* Pods_TestPokemonTaskTests.framework */ = {isa = PBXFileReference; explicitFileType = wrapper.framework; includeInIndex = 0; path = Pods_TestPokemonTaskTests.framework; sourceTree = BUILT_PRODUCTS_DIR; };
/* End PBXFileReference section */

/* Begin PBXFrameworksBuildPhase section */
		E4DF23902908033100AE96AC /* Frameworks */ = {
			isa = PBXFrameworksBuildPhase;
			buildActionMask = 2147483647;
			files = (
				9BC62ADDBF7A39D6629BB127 /* Pods_TestPokemonTask.framework in Frameworks */,
			);
			runOnlyForDeploymentPostprocessing = 0;
		};
		E4DF23A92908033200AE96AC /* Frameworks */ = {
			isa = PBXFrameworksBuildPhase;
			buildActionMask = 2147483647;
			files = (
				25404872B34A2833F3AE11D6 /* Pods_TestPokemonTaskTests.framework in Frameworks */,
			);
			runOnlyForDeploymentPostprocessing = 0;
		};
/* End PBXFrameworksBuildPhase section */

/* Begin PBXGroup section */
		1B73D5668B02E7C6751BFF1F /* Pods */ = {
			isa = PBXGroup;
			children = (
				3ECD1F5E9B12C8FB84499245 /* Pods-TestPokemonTask.debug.xcconfig */,
				0B44CCEA412CE1B98778A6FA /* Pods-TestPokemonTask.release.xcconfig */,
				991E82BD3B175CB71F28A671 /* Pods-TestPokemonTask-TestPokemonTaskUITests.debug.xcconfig */,
				A071F19B4416BC5CD74D0DF9 /* Pods-TestPokemonTask-TestPokemonTaskUITests.release.xcconfig */,
				93DE70BBDEF47B046A295847 /* Pods-TestPokemonTaskTests.debug.xcconfig */,
				48B214CF608F9C029EBAD50F /* Pods-TestPokemonTaskTests.release.xcconfig */,
			);
			path = Pods;
			sourceTree = "<group>";
		};
		584D56DA66B42709D01799E3 /* Frameworks */ = {
			isa = PBXGroup;
			children = (
				BCA95E69D454AA271EE95BB8 /* Pods_TestPokemonTask.framework */,
				40676F5318960C5A29E09397 /* Pods_TestPokemonTask_TestPokemonTaskUITests.framework */,
				E55CBC55E0F2034023E634AC /* Pods_TestPokemonTaskTests.framework */,
			);
			name = Frameworks;
			sourceTree = "<group>";
		};
		E40EF0A72916A68B0025C7E0 /* HelpersTests */ = {
			isa = PBXGroup;
			children = (
				E40EF0A52916A3290025C7E0 /* RouterTest.swift */,
			);
			path = HelpersTests;
			sourceTree = "<group>";
		};
		E4A6D1C62908733900552568 /* Helpers */ = {
			isa = PBXGroup;
			children = (
				E4A6D1C7290873BE00552568 /* AssemblyModuleBuilder.swift */,
				E49112A329098F0700628FAB /* Router.swift */,
				E4F6A7842915528A0022054E /* Logger.swift */,
			);
			path = Helpers;
			sourceTree = "<group>";
		};
		E4DCB0302909C97A002E98CE /* MainModule */ = {
			isa = PBXGroup;
			children = (
				E4DCB0332909CA0D002E98CE /* MainViewController.swift */,
				E4DCB035290A6A70002E98CE /* MainPresenter.swift */,
			);
			path = MainModule;
			sourceTree = "<group>";
		};
		E4DF238A2908033100AE96AC = {
			isa = PBXGroup;
			children = (
				E4DF23952908033100AE96AC /* TestPokemonTask */,
				E4DF23AF2908033200AE96AC /* TestPokemonTaskTests */,
				E4DF23942908033100AE96AC /* Products */,
				1B73D5668B02E7C6751BFF1F /* Pods */,
				584D56DA66B42709D01799E3 /* Frameworks */,
			);
			sourceTree = "<group>";
		};
		E4DF23942908033100AE96AC /* Products */ = {
			isa = PBXGroup;
			children = (
				E4DF23932908033100AE96AC /* TestPokemonTask.app */,
				E4DF23AC2908033200AE96AC /* TestPokemonTaskTests.xctest */,
			);
			name = Products;
			sourceTree = "<group>";
		};
		E4DF23952908033100AE96AC /* TestPokemonTask */ = {
			isa = PBXGroup;
			children = (
				E4DF23C92908044300AE96AC /* Application */,
				E4A6D1C62908733900552568 /* Helpers */,
				E4DCB0302909C97A002E98CE /* MainModule */,
				E4DF23CA2908045700AE96AC /* PokemonListModule */,
				E4DF23CE290804BA00AE96AC /* DetailModule */,
				E4DF23CF290804CE00AE96AC /* ServiceLayer */,
				E4DF23D0290804DD00AE96AC /* Extensions */,
				E4DF23D2290804F300AE96AC /* Storage */,
				E4DF23D3290804FE00AE96AC /* Resources */,
			);
			path = TestPokemonTask;
			sourceTree = "<group>";
		};
		E4DF23AF2908033200AE96AC /* TestPokemonTaskTests */ = {
			isa = PBXGroup;
			children = (
				E40EF0A72916A68B0025C7E0 /* HelpersTests */,
			);
			path = TestPokemonTaskTests;
			sourceTree = "<group>";
		};
		E4DF23C92908044300AE96AC /* Application */ = {
			isa = PBXGroup;
			children = (
				E4DF23962908033100AE96AC /* AppDelegate.swift */,
				E4DF23982908033100AE96AC /* SceneDelegate.swift */,
			);
			path = Application;
			sourceTree = "<group>";
		};
		E4DF23CA2908045700AE96AC /* PokemonListModule */ = {
			isa = PBXGroup;
			children = (
				E4A6D1BB29085D4D00552568 /* AllPokemonsModel.swift */,
				E4DF239A2908033100AE96AC /* PokemonListViewController.swift */,
				E4A6D1C42908680800552568 /* PokemonListPresenter.swift */,
			);
			path = PokemonListModule;
			sourceTree = "<group>";
		};
		E4DF23CE290804BA00AE96AC /* DetailModule */ = {
			isa = PBXGroup;
			children = (
				E4A6D1BE29085E5100552568 /* PokemonDescriptionModel.swift */,
				E4A6D1B7290819CC00552568 /* DetailViewController.swift */,
				E49112A129092DA000628FAB /* DetailPresenter.swift */,
			);
			path = DetailModule;
			sourceTree = "<group>";
		};
		E4DF23CF290804CE00AE96AC /* ServiceLayer */ = {
			isa = PBXGroup;
			children = (
				E4A6D1C0290860B300552568 /* NetworkRequest.swift */,
				E4A6D1C2290861BA00552568 /* NetworkDataFetch.swift */,
				E49112A52909C73600628FAB /* NetworkMonitor.swift */,
			);
			path = ServiceLayer;
			sourceTree = "<group>";
		};
		E4DF23D0290804DD00AE96AC /* Extensions */ = {
			isa = PBXGroup;
			children = (
				E4DF23D1290804E600AE96AC /* UIKit */,
			);
			path = Extensions;
			sourceTree = "<group>";
		};
		E4DF23D1290804E600AE96AC /* UIKit */ = {
			isa = PBXGroup;
			children = (
				E4A6D1B32908189100552568 /* UIStackView + Extension.swift */,
				E4F45502290AC01B00E10B4A /* UIViewController + Extension.swift */,
				E40EF0A329168E830025C7E0 /* UITableView + Extension.swift */,
			);
			path = UIKit;
			sourceTree = "<group>";
		};
		E4DF23D2290804F300AE96AC /* Storage */ = {
			isa = PBXGroup;
			children = (
				E4F45504290AEA1900E10B4A /* PokemonModelRealm.swift */,
				E4F45508290B0DD200E10B4A /* PokemonDescriptionModelRealm.swift */,
				E4F45506290AEB2100E10B4A /* DBManager.swift */,
			);
			path = Storage;
			sourceTree = "<group>";
		};
		E4DF23D3290804FE00AE96AC /* Resources */ = {
			isa = PBXGroup;
			children = (
				E4F6A7822915480A0022054E /* R.generated.swift */,
				E4DF23A22908033200AE96AC /* Assets.xcassets */,
				E4DF23A42908033200AE96AC /* LaunchScreen.storyboard */,
				E4DF23A72908033200AE96AC /* Info.plist */,
			);
			path = Resources;
			sourceTree = "<group>";
		};
/* End PBXGroup section */

/* Begin PBXNativeTarget section */
		E4DF23922908033100AE96AC /* TestPokemonTask */ = {
			isa = PBXNativeTarget;
			buildConfigurationList = E4DF23C02908033200AE96AC /* Build configuration list for PBXNativeTarget "TestPokemonTask" */;
			buildPhases = (
				728E21223976DD2270E74E37 /* [CP] Check Pods Manifest.lock */,
				E4F6A781291546650022054E /* RSwift */,
				E4DF238F2908033100AE96AC /* Sources */,
				E4DF23902908033100AE96AC /* Frameworks */,
				E4DF23912908033100AE96AC /* Resources */,
				0D615AD6D24EB326E63977D5 /* [CP] Embed Pods Frameworks */,
			);
			buildRules = (
			);
			dependencies = (
			);
			name = TestPokemonTask;
			productName = TestPokemonTask;
			productReference = E4DF23932908033100AE96AC /* TestPokemonTask.app */;
			productType = "com.apple.product-type.application";
		};
		E4DF23AB2908033200AE96AC /* TestPokemonTaskTests */ = {
			isa = PBXNativeTarget;
			buildConfigurationList = E4DF23C32908033200AE96AC /* Build configuration list for PBXNativeTarget "TestPokemonTaskTests" */;
			buildPhases = (
				48A7C8BA3E751854B0295736 /* [CP] Check Pods Manifest.lock */,
				E4DF23A82908033200AE96AC /* Sources */,
				E4DF23A92908033200AE96AC /* Frameworks */,
				E4DF23AA2908033200AE96AC /* Resources */,
				76A07334ECDA96C3B8CA069E /* [CP] Embed Pods Frameworks */,
			);
			buildRules = (
			);
			dependencies = (
				E4DF23AE2908033200AE96AC /* PBXTargetDependency */,
			);
			name = TestPokemonTaskTests;
			productName = TestPokemonTaskTests;
			productReference = E4DF23AC2908033200AE96AC /* TestPokemonTaskTests.xctest */;
			productType = "com.apple.product-type.bundle.unit-test";
		};
/* End PBXNativeTarget section */

/* Begin PBXProject section */
		E4DF238B2908033100AE96AC /* Project object */ = {
			isa = PBXProject;
			attributes = {
				BuildIndependentTargetsInParallel = 1;
				LastSwiftUpdateCheck = 1400;
				LastUpgradeCheck = 1400;
				TargetAttributes = {
					E4DF23922908033100AE96AC = {
						CreatedOnToolsVersion = 14.0.1;
					};
					E4DF23AB2908033200AE96AC = {
						CreatedOnToolsVersion = 14.0.1;
						TestTargetID = E4DF23922908033100AE96AC;
					};
				};
			};
			buildConfigurationList = E4DF238E2908033100AE96AC /* Build configuration list for PBXProject "TestPokemonTask" */;
			compatibilityVersion = "Xcode 14.0";
			developmentRegion = en;
			hasScannedForEncodings = 0;
			knownRegions = (
				en,
				Base,
			);
			mainGroup = E4DF238A2908033100AE96AC;
			productRefGroup = E4DF23942908033100AE96AC /* Products */;
			projectDirPath = "";
			projectRoot = "";
			targets = (
				E4DF23922908033100AE96AC /* TestPokemonTask */,
				E4DF23AB2908033200AE96AC /* TestPokemonTaskTests */,
			);
		};
/* End PBXProject section */

/* Begin PBXResourcesBuildPhase section */
		E4DF23912908033100AE96AC /* Resources */ = {
			isa = PBXResourcesBuildPhase;
			buildActionMask = 2147483647;
			files = (
				E4DF23A62908033200AE96AC /* LaunchScreen.storyboard in Resources */,
				E4DF23A32908033200AE96AC /* Assets.xcassets in Resources */,
			);
			runOnlyForDeploymentPostprocessing = 0;
		};
		E4DF23AA2908033200AE96AC /* Resources */ = {
			isa = PBXResourcesBuildPhase;
			buildActionMask = 2147483647;
			files = (
			);
			runOnlyForDeploymentPostprocessing = 0;
		};
/* End PBXResourcesBuildPhase section */

/* Begin PBXShellScriptBuildPhase section */
		0D615AD6D24EB326E63977D5 /* [CP] Embed Pods Frameworks */ = {
			isa = PBXShellScriptBuildPhase;
			buildActionMask = 12;
			files = (
			);
			inputFileListPaths = (
				"${PODS_ROOT}/Target Support Files/Pods-TestPokemonTask/Pods-TestPokemonTask-frameworks-${CONFIGURATION}-input-files.xcfilelist",
			);
			name = "[CP] Embed Pods Frameworks";
			outputFileListPaths = (
				"${PODS_ROOT}/Target Support Files/Pods-TestPokemonTask/Pods-TestPokemonTask-frameworks-${CONFIGURATION}-output-files.xcfilelist",
			);
			runOnlyForDeploymentPostprocessing = 0;
			shellPath = /bin/sh;
			shellScript = "\"${PODS_ROOT}/Target Support Files/Pods-TestPokemonTask/Pods-TestPokemonTask-frameworks.sh\"\n";
			showEnvVarsInLog = 0;
		};
		48A7C8BA3E751854B0295736 /* [CP] Check Pods Manifest.lock */ = {
			isa = PBXShellScriptBuildPhase;
			buildActionMask = 2147483647;
			files = (
			);
			inputFileListPaths = (
			);
			inputPaths = (
				"${PODS_PODFILE_DIR_PATH}/Podfile.lock",
				"${PODS_ROOT}/Manifest.lock",
			);
			name = "[CP] Check Pods Manifest.lock";
			outputFileListPaths = (
			);
			outputPaths = (
				"$(DERIVED_FILE_DIR)/Pods-TestPokemonTaskTests-checkManifestLockResult.txt",
			);
			runOnlyForDeploymentPostprocessing = 0;
			shellPath = /bin/sh;
			shellScript = "diff \"${PODS_PODFILE_DIR_PATH}/Podfile.lock\" \"${PODS_ROOT}/Manifest.lock\" > /dev/null\nif [ $? != 0 ] ; then\n    # print error to STDERR\n    echo \"error: The sandbox is not in sync with the Podfile.lock. Run 'pod install' or update your CocoaPods installation.\" >&2\n    exit 1\nfi\n# This output is used by Xcode 'outputs' to avoid re-running this script phase.\necho \"SUCCESS\" > \"${SCRIPT_OUTPUT_FILE_0}\"\n";
			showEnvVarsInLog = 0;
		};
		728E21223976DD2270E74E37 /* [CP] Check Pods Manifest.lock */ = {
			isa = PBXShellScriptBuildPhase;
			buildActionMask = 12;
			files = (
			);
			inputFileListPaths = (
			);
			inputPaths = (
				"${PODS_PODFILE_DIR_PATH}/Podfile.lock",
				"${PODS_ROOT}/Manifest.lock",
			);
			name = "[CP] Check Pods Manifest.lock";
			outputFileListPaths = (
			);
			outputPaths = (
				"$(DERIVED_FILE_DIR)/Pods-TestPokemonTask-checkManifestLockResult.txt",
			);
			runOnlyForDeploymentPostprocessing = 0;
			shellPath = /bin/sh;
			shellScript = "diff \"${PODS_PODFILE_DIR_PATH}/Podfile.lock\" \"${PODS_ROOT}/Manifest.lock\" > /dev/null\nif [ $? != 0 ] ; then\n    # print error to STDERR\n    echo \"error: The sandbox is not in sync with the Podfile.lock. Run 'pod install' or update your CocoaPods installation.\" >&2\n    exit 1\nfi\n# This output is used by Xcode 'outputs' to avoid re-running this script phase.\necho \"SUCCESS\" > \"${SCRIPT_OUTPUT_FILE_0}\"\n";
			showEnvVarsInLog = 0;
		};
		76A07334ECDA96C3B8CA069E /* [CP] Embed Pods Frameworks */ = {
			isa = PBXShellScriptBuildPhase;
			buildActionMask = 2147483647;
			files = (
			);
			inputFileListPaths = (
				"${PODS_ROOT}/Target Support Files/Pods-TestPokemonTaskTests/Pods-TestPokemonTaskTests-frameworks-${CONFIGURATION}-input-files.xcfilelist",
			);
			name = "[CP] Embed Pods Frameworks";
			outputFileListPaths = (
				"${PODS_ROOT}/Target Support Files/Pods-TestPokemonTaskTests/Pods-TestPokemonTaskTests-frameworks-${CONFIGURATION}-output-files.xcfilelist",
			);
			runOnlyForDeploymentPostprocessing = 0;
			shellPath = /bin/sh;
			shellScript = "\"${PODS_ROOT}/Target Support Files/Pods-TestPokemonTaskTests/Pods-TestPokemonTaskTests-frameworks.sh\"\n";
			showEnvVarsInLog = 0;
		};
		E4F6A781291546650022054E /* RSwift */ = {
			isa = PBXShellScriptBuildPhase;
			alwaysOutOfDate = 1;
			buildActionMask = 12;
			files = (
			);
			inputFileListPaths = (
			);
			inputPaths = (
			);
			name = RSwift;
			outputFileListPaths = (
			);
			outputPaths = (
				$SRCROOT/R.generated.swift,
			);
			runOnlyForDeploymentPostprocessing = 0;
			shellPath = /bin/sh;
			shellScript = "\n\"$PODS_ROOT/R.swift/rswift\" generate \"$SRCROOT/R.generated.swift\"\n";
		};
/* End PBXShellScriptBuildPhase section */

/* Begin PBXSourcesBuildPhase section */
		E4DF238F2908033100AE96AC /* Sources */ = {
			isa = PBXSourcesBuildPhase;
			buildActionMask = 2147483647;
			files = (
				E4DF239B2908033100AE96AC /* PokemonListViewController.swift in Sources */,
				E4DCB036290A6A70002E98CE /* MainPresenter.swift in Sources */,
				E4F6A7852915528A0022054E /* Logger.swift in Sources */,
				E4A6D1BC29085D4D00552568 /* AllPokemonsModel.swift in Sources */,
				E4A6D1C52908680800552568 /* PokemonListPresenter.swift in Sources */,
				E4DF23972908033100AE96AC /* AppDelegate.swift in Sources */,
				E40EF0A429168E830025C7E0 /* UITableView + Extension.swift in Sources */,
				E4A6D1B8290819CC00552568 /* DetailViewController.swift in Sources */,
				E4A6D1B42908189100552568 /* UIStackView + Extension.swift in Sources */,
				E4DCB0342909CA0D002E98CE /* MainViewController.swift in Sources */,
				E4F6A7832915480A0022054E /* R.generated.swift in Sources */,
				E4F45509290B0DD200E10B4A /* PokemonDescriptionModelRealm.swift in Sources */,
				E49112A62909C73600628FAB /* NetworkMonitor.swift in Sources */,
				E4A6D1BF29085E5100552568 /* PokemonDescriptionModel.swift in Sources */,
				E4A6D1C1290860B300552568 /* NetworkRequest.swift in Sources */,
				E4F45505290AEA1900E10B4A /* PokemonModelRealm.swift in Sources */,
				E4DF23992908033100AE96AC /* SceneDelegate.swift in Sources */,
				E49112A429098F0700628FAB /* Router.swift in Sources */,
				E49112A229092DA000628FAB /* DetailPresenter.swift in Sources */,
				E4F45503290AC01B00E10B4A /* UIViewController + Extension.swift in Sources */,
				E4A6D1C3290861BA00552568 /* NetworkDataFetch.swift in Sources */,
				E4F45507290AEB2100E10B4A /* DBManager.swift in Sources */,
				E4A6D1C8290873BE00552568 /* AssemblyModuleBuilder.swift in Sources */,
			);
			runOnlyForDeploymentPostprocessing = 0;
		};
		E4DF23A82908033200AE96AC /* Sources */ = {
			isa = PBXSourcesBuildPhase;
			buildActionMask = 2147483647;
			files = (
				E40EF0A62916A3290025C7E0 /* RouterTest.swift in Sources */,
			);
			runOnlyForDeploymentPostprocessing = 0;
		};
/* End PBXSourcesBuildPhase section */

/* Begin PBXTargetDependency section */
		E4DF23AE2908033200AE96AC /* PBXTargetDependency */ = {
			isa = PBXTargetDependency;
			target = E4DF23922908033100AE96AC /* TestPokemonTask */;
			targetProxy = E4DF23AD2908033200AE96AC /* PBXContainerItemProxy */;
		};
/* End PBXTargetDependency section */

/* Begin PBXVariantGroup section */
		E4DF23A42908033200AE96AC /* LaunchScreen.storyboard */ = {
			isa = PBXVariantGroup;
			children = (
				E4DF23A52908033200AE96AC /* Base */,
			);
			name = LaunchScreen.storyboard;
			sourceTree = "<group>";
		};
/* End PBXVariantGroup section */

/* Begin XCBuildConfiguration section */
		E4DF23BE2908033200AE96AC /* Debug */ = {
			isa = XCBuildConfiguration;
			buildSettings = {
				ALWAYS_SEARCH_USER_PATHS = NO;
				CLANG_ANALYZER_NONNULL = YES;
				CLANG_ANALYZER_NUMBER_OBJECT_CONVERSION = YES_AGGRESSIVE;
				CLANG_CXX_LANGUAGE_STANDARD = "gnu++20";
				CLANG_ENABLE_MODULES = YES;
				CLANG_ENABLE_OBJC_ARC = YES;
				CLANG_ENABLE_OBJC_WEAK = YES;
				CLANG_WARN_BLOCK_CAPTURE_AUTORELEASING = YES;
				CLANG_WARN_BOOL_CONVERSION = YES;
				CLANG_WARN_COMMA = YES;
				CLANG_WARN_CONSTANT_CONVERSION = YES;
				CLANG_WARN_DEPRECATED_OBJC_IMPLEMENTATIONS = YES;
				CLANG_WARN_DIRECT_OBJC_ISA_USAGE = YES_ERROR;
				CLANG_WARN_DOCUMENTATION_COMMENTS = YES;
				CLANG_WARN_EMPTY_BODY = YES;
				CLANG_WARN_ENUM_CONVERSION = YES;
				CLANG_WARN_INFINITE_RECURSION = YES;
				CLANG_WARN_INT_CONVERSION = YES;
				CLANG_WARN_NON_LITERAL_NULL_CONVERSION = YES;
				CLANG_WARN_OBJC_IMPLICIT_RETAIN_SELF = YES;
				CLANG_WARN_OBJC_LITERAL_CONVERSION = YES;
				CLANG_WARN_OBJC_ROOT_CLASS = YES_ERROR;
				CLANG_WARN_QUOTED_INCLUDE_IN_FRAMEWORK_HEADER = YES;
				CLANG_WARN_RANGE_LOOP_ANALYSIS = YES;
				CLANG_WARN_STRICT_PROTOTYPES = YES;
				CLANG_WARN_SUSPICIOUS_MOVE = YES;
				CLANG_WARN_UNGUARDED_AVAILABILITY = YES_AGGRESSIVE;
				CLANG_WARN_UNREACHABLE_CODE = YES;
				CLANG_WARN__DUPLICATE_METHOD_MATCH = YES;
				COPY_PHASE_STRIP = NO;
				DEBUG_INFORMATION_FORMAT = dwarf;
				ENABLE_STRICT_OBJC_MSGSEND = YES;
				ENABLE_TESTABILITY = YES;
				GCC_C_LANGUAGE_STANDARD = gnu11;
				GCC_DYNAMIC_NO_PIC = NO;
				GCC_NO_COMMON_BLOCKS = YES;
				GCC_OPTIMIZATION_LEVEL = 0;
				GCC_PREPROCESSOR_DEFINITIONS = (
					"DEBUG=1",
					"$(inherited)",
				);
				GCC_WARN_64_TO_32_BIT_CONVERSION = YES;
				GCC_WARN_ABOUT_RETURN_TYPE = YES_ERROR;
				GCC_WARN_UNDECLARED_SELECTOR = YES;
				GCC_WARN_UNINITIALIZED_AUTOS = YES_AGGRESSIVE;
				GCC_WARN_UNUSED_FUNCTION = YES;
				GCC_WARN_UNUSED_VARIABLE = YES;
				IPHONEOS_DEPLOYMENT_TARGET = 16.0;
				MTL_ENABLE_DEBUG_INFO = INCLUDE_SOURCE;
				MTL_FAST_MATH = YES;
				ONLY_ACTIVE_ARCH = YES;
				SDKROOT = iphoneos;
				SWIFT_ACTIVE_COMPILATION_CONDITIONS = DEBUG;
				SWIFT_OPTIMIZATION_LEVEL = "-Onone";
			};
			name = Debug;
		};
		E4DF23BF2908033200AE96AC /* Release */ = {
			isa = XCBuildConfiguration;
			buildSettings = {
				ALWAYS_SEARCH_USER_PATHS = NO;
				CLANG_ANALYZER_NONNULL = YES;
				CLANG_ANALYZER_NUMBER_OBJECT_CONVERSION = YES_AGGRESSIVE;
				CLANG_CXX_LANGUAGE_STANDARD = "gnu++20";
				CLANG_ENABLE_MODULES = YES;
				CLANG_ENABLE_OBJC_ARC = YES;
				CLANG_ENABLE_OBJC_WEAK = YES;
				CLANG_WARN_BLOCK_CAPTURE_AUTORELEASING = YES;
				CLANG_WARN_BOOL_CONVERSION = YES;
				CLANG_WARN_COMMA = YES;
				CLANG_WARN_CONSTANT_CONVERSION = YES;
				CLANG_WARN_DEPRECATED_OBJC_IMPLEMENTATIONS = YES;
				CLANG_WARN_DIRECT_OBJC_ISA_USAGE = YES_ERROR;
				CLANG_WARN_DOCUMENTATION_COMMENTS = YES;
				CLANG_WARN_EMPTY_BODY = YES;
				CLANG_WARN_ENUM_CONVERSION = YES;
				CLANG_WARN_INFINITE_RECURSION = YES;
				CLANG_WARN_INT_CONVERSION = YES;
				CLANG_WARN_NON_LITERAL_NULL_CONVERSION = YES;
				CLANG_WARN_OBJC_IMPLICIT_RETAIN_SELF = YES;
				CLANG_WARN_OBJC_LITERAL_CONVERSION = YES;
				CLANG_WARN_OBJC_ROOT_CLASS = YES_ERROR;
				CLANG_WARN_QUOTED_INCLUDE_IN_FRAMEWORK_HEADER = YES;
				CLANG_WARN_RANGE_LOOP_ANALYSIS = YES;
				CLANG_WARN_STRICT_PROTOTYPES = YES;
				CLANG_WARN_SUSPICIOUS_MOVE = YES;
				CLANG_WARN_UNGUARDED_AVAILABILITY = YES_AGGRESSIVE;
				CLANG_WARN_UNREACHABLE_CODE = YES;
				CLANG_WARN__DUPLICATE_METHOD_MATCH = YES;
				COPY_PHASE_STRIP = NO;
				DEBUG_INFORMATION_FORMAT = "dwarf-with-dsym";
				ENABLE_NS_ASSERTIONS = NO;
				ENABLE_STRICT_OBJC_MSGSEND = YES;
				GCC_C_LANGUAGE_STANDARD = gnu11;
				GCC_NO_COMMON_BLOCKS = YES;
				GCC_WARN_64_TO_32_BIT_CONVERSION = YES;
				GCC_WARN_ABOUT_RETURN_TYPE = YES_ERROR;
				GCC_WARN_UNDECLARED_SELECTOR = YES;
				GCC_WARN_UNINITIALIZED_AUTOS = YES_AGGRESSIVE;
				GCC_WARN_UNUSED_FUNCTION = YES;
				GCC_WARN_UNUSED_VARIABLE = YES;
				IPHONEOS_DEPLOYMENT_TARGET = 16.0;
				MTL_ENABLE_DEBUG_INFO = NO;
				MTL_FAST_MATH = YES;
				SDKROOT = iphoneos;
				SWIFT_COMPILATION_MODE = wholemodule;
				SWIFT_OPTIMIZATION_LEVEL = "-O";
				VALIDATE_PRODUCT = YES;
			};
			name = Release;
		};
		E4DF23C12908033200AE96AC /* Debug */ = {
			isa = XCBuildConfiguration;
			baseConfigurationReference = 3ECD1F5E9B12C8FB84499245 /* Pods-TestPokemonTask.debug.xcconfig */;
			buildSettings = {
				ASSETCATALOG_COMPILER_APPICON_NAME = AppIcon;
				ASSETCATALOG_COMPILER_GLOBAL_ACCENT_COLOR_NAME = AccentColor;
				CODE_SIGN_STYLE = Automatic;
				CURRENT_PROJECT_VERSION = 1;
				DEVELOPMENT_TEAM = 782LZFBU26;
				GENERATE_INFOPLIST_FILE = YES;
				INFOPLIST_FILE = TestPokemonTask/Resources/Info.plist;
				INFOPLIST_KEY_UIApplicationSupportsIndirectInputEvents = YES;
				INFOPLIST_KEY_UILaunchStoryboardName = LaunchScreen;
				INFOPLIST_KEY_UISupportedInterfaceOrientations_iPad = "UIInterfaceOrientationPortrait UIInterfaceOrientationPortraitUpsideDown UIInterfaceOrientationLandscapeLeft UIInterfaceOrientationLandscapeRight";
				INFOPLIST_KEY_UISupportedInterfaceOrientations_iPhone = "UIInterfaceOrientationPortrait UIInterfaceOrientationLandscapeLeft UIInterfaceOrientationLandscapeRight";
				IPHONEOS_DEPLOYMENT_TARGET = 14.0;
				LD_RUNPATH_SEARCH_PATHS = (
					"$(inherited)",
					"@executable_path/Frameworks",
				);
				MARKETING_VERSION = 1.0;
				PRODUCT_BUNDLE_IDENTIFIER = by.scooterminsk.TestPokemonTask;
				PRODUCT_NAME = "$(TARGET_NAME)";
				SWIFT_EMIT_LOC_STRINGS = YES;
				SWIFT_VERSION = 5.0;
				TARGETED_DEVICE_FAMILY = "1,2";
			};
			name = Debug;
		};
		E4DF23C22908033200AE96AC /* Release */ = {
			isa = XCBuildConfiguration;
			baseConfigurationReference = 0B44CCEA412CE1B98778A6FA /* Pods-TestPokemonTask.release.xcconfig */;
			buildSettings = {
				ASSETCATALOG_COMPILER_APPICON_NAME = AppIcon;
				ASSETCATALOG_COMPILER_GLOBAL_ACCENT_COLOR_NAME = AccentColor;
				CODE_SIGN_STYLE = Automatic;
				CURRENT_PROJECT_VERSION = 1;
				DEVELOPMENT_TEAM = 782LZFBU26;
				GENERATE_INFOPLIST_FILE = YES;
				INFOPLIST_FILE = TestPokemonTask/Resources/Info.plist;
				INFOPLIST_KEY_UIApplicationSupportsIndirectInputEvents = YES;
				INFOPLIST_KEY_UILaunchStoryboardName = LaunchScreen;
				INFOPLIST_KEY_UISupportedInterfaceOrientations_iPad = "UIInterfaceOrientationPortrait UIInterfaceOrientationPortraitUpsideDown UIInterfaceOrientationLandscapeLeft UIInterfaceOrientationLandscapeRight";
				INFOPLIST_KEY_UISupportedInterfaceOrientations_iPhone = "UIInterfaceOrientationPortrait UIInterfaceOrientationLandscapeLeft UIInterfaceOrientationLandscapeRight";
				IPHONEOS_DEPLOYMENT_TARGET = 14.0;
				LD_RUNPATH_SEARCH_PATHS = (
					"$(inherited)",
					"@executable_path/Frameworks",
				);
				MARKETING_VERSION = 1.0;
				PRODUCT_BUNDLE_IDENTIFIER = by.scooterminsk.TestPokemonTask;
				PRODUCT_NAME = "$(TARGET_NAME)";
				SWIFT_EMIT_LOC_STRINGS = YES;
				SWIFT_VERSION = 5.0;
				TARGETED_DEVICE_FAMILY = "1,2";
			};
			name = Release;
		};
		E4DF23C42908033200AE96AC /* Debug */ = {
			isa = XCBuildConfiguration;
			baseConfigurationReference = 93DE70BBDEF47B046A295847 /* Pods-TestPokemonTaskTests.debug.xcconfig */;
			buildSettings = {
				ALWAYS_EMBED_SWIFT_STANDARD_LIBRARIES = YES;
				BUNDLE_LOADER = "$(TEST_HOST)";
				CODE_SIGN_STYLE = Automatic;
				CURRENT_PROJECT_VERSION = 1;
				DEVELOPMENT_TEAM = 782LZFBU26;
				GENERATE_INFOPLIST_FILE = YES;
				IPHONEOS_DEPLOYMENT_TARGET = 16.0;
				MARKETING_VERSION = 1.0;
				PRODUCT_BUNDLE_IDENTIFIER = by.scooterminsk.TestPokemonTaskTests;
				PRODUCT_NAME = "$(TARGET_NAME)";
				SWIFT_EMIT_LOC_STRINGS = NO;
				SWIFT_VERSION = 5.0;
				TARGETED_DEVICE_FAMILY = "1,2";
				TEST_HOST = "$(BUILT_PRODUCTS_DIR)/TestPokemonTask.app/$(BUNDLE_EXECUTABLE_FOLDER_PATH)/TestPokemonTask";
			};
			name = Debug;
		};
		E4DF23C52908033200AE96AC /* Release */ = {
			isa = XCBuildConfiguration;
			baseConfigurationReference = 48B214CF608F9C029EBAD50F /* Pods-TestPokemonTaskTests.release.xcconfig */;
			buildSettings = {
				ALWAYS_EMBED_SWIFT_STANDARD_LIBRARIES = YES;
				BUNDLE_LOADER = "$(TEST_HOST)";
				CODE_SIGN_STYLE = Automatic;
				CURRENT_PROJECT_VERSION = 1;
				DEVELOPMENT_TEAM = 782LZFBU26;
				GENERATE_INFOPLIST_FILE = YES;
				IPHONEOS_DEPLOYMENT_TARGET = 16.0;
				MARKETING_VERSION = 1.0;
				PRODUCT_BUNDLE_IDENTIFIER = by.scooterminsk.TestPokemonTaskTests;
				PRODUCT_NAME = "$(TARGET_NAME)";
				SWIFT_EMIT_LOC_STRINGS = NO;
				SWIFT_VERSION = 5.0;
				TARGETED_DEVICE_FAMILY = "1,2";
				TEST_HOST = "$(BUILT_PRODUCTS_DIR)/TestPokemonTask.app/$(BUNDLE_EXECUTABLE_FOLDER_PATH)/TestPokemonTask";
			};
			name = Release;
		};
/* End XCBuildConfiguration section */

/* Begin XCConfigurationList section */
		E4DF238E2908033100AE96AC /* Build configuration list for PBXProject "TestPokemonTask" */ = {
			isa = XCConfigurationList;
			buildConfigurations = (
				E4DF23BE2908033200AE96AC /* Debug */,
				E4DF23BF2908033200AE96AC /* Release */,
			);
			defaultConfigurationIsVisible = 0;
			defaultConfigurationName = Release;
		};
		E4DF23C02908033200AE96AC /* Build configuration list for PBXNativeTarget "TestPokemonTask" */ = {
			isa = XCConfigurationList;
			buildConfigurations = (
				E4DF23C12908033200AE96AC /* Debug */,
				E4DF23C22908033200AE96AC /* Release */,
			);
			defaultConfigurationIsVisible = 0;
			defaultConfigurationName = Release;
		};
		E4DF23C32908033200AE96AC /* Build configuration list for PBXNativeTarget "TestPokemonTaskTests" */ = {
			isa = XCConfigurationList;
			buildConfigurations = (
				E4DF23C42908033200AE96AC /* Debug */,
				E4DF23C52908033200AE96AC /* Release */,
			);
			defaultConfigurationIsVisible = 0;
			defaultConfigurationName = Release;
		};
/* End XCConfigurationList section */
	};
	rootObject = E4DF238B2908033100AE96AC /* Project object */;
}
